// !$*UTF8*$!
{
	archiveVersion = 1;
	classes = {
	};
	objectVersion = 50;
	objects = {

/* Begin PBXBuildFile section */
		5E16155C56E78367DC69F462 /* Pods_Trip.framework in Frameworks */ = {isa = PBXBuildFile; fileRef = 5398AA05B8EF5D5093DCFF2E /* Pods_Trip.framework */; };
		A2069E0E22C22D2E00D8C1A0 /* spa_unselected.png in Resources */ = {isa = PBXBuildFile; fileRef = A2069E0C22C22D2E00D8C1A0 /* spa_unselected.png */; };
		A2069E0F22C22D2E00D8C1A0 /* spa_mark.png in Resources */ = {isa = PBXBuildFile; fileRef = A2069E0D22C22D2E00D8C1A0 /* spa_mark.png */; };
		A20743F02294EA5E00B47B93 /* icon.png in Resources */ = {isa = PBXBuildFile; fileRef = A20743EF2294EA5E00B47B93 /* icon.png */; };
		A20A95412296B24700CB7D83 /* CustomAnnotation.swift in Sources */ = {isa = PBXBuildFile; fileRef = A20A95402296B24700CB7D83 /* CustomAnnotation.swift */; };
		A20AEB2522938B4B009C389C /* DetailViewController.swift in Sources */ = {isa = PBXBuildFile; fileRef = A20AEB2422938B4B009C389C /* DetailViewController.swift */; };
		A20BCA80228EAE1F0093D3B6 /* RegisterViewController.swift in Sources */ = {isa = PBXBuildFile; fileRef = A20BCA7F228EAE1F0093D3B6 /* RegisterViewController.swift */; };
		A2165882228437270084C296 /* AppDelegate.swift in Sources */ = {isa = PBXBuildFile; fileRef = A2165881228437270084C296 /* AppDelegate.swift */; };
		A2165884228437270084C296 /* ViewController.swift in Sources */ = {isa = PBXBuildFile; fileRef = A2165883228437270084C296 /* ViewController.swift */; };
		A2165887228437270084C296 /* Main.storyboard in Resources */ = {isa = PBXBuildFile; fileRef = A2165885228437270084C296 /* Main.storyboard */; };
		A2165889228437280084C296 /* Assets.xcassets in Resources */ = {isa = PBXBuildFile; fileRef = A2165888228437280084C296 /* Assets.xcassets */; };
		A216588C228437280084C296 /* LaunchScreen.storyboard in Resources */ = {isa = PBXBuildFile; fileRef = A216588A228437280084C296 /* LaunchScreen.storyboard */; };
		A216589522843C5D0084C296 /* Realm.swift in Sources */ = {isa = PBXBuildFile; fileRef = A216589422843C5D0084C296 /* Realm.swift */; };
		A2165897228441420084C296 /* MapViewController.swift in Sources */ = {isa = PBXBuildFile; fileRef = A2165896228441420084C296 /* MapViewController.swift */; };
		A2165899228452F70084C296 /* CameraViewController.swift in Sources */ = {isa = PBXBuildFile; fileRef = A2165898228452F70084C296 /* CameraViewController.swift */; };
/* End PBXBuildFile section */

/* Begin PBXFileReference section */
		073E2FC56685B6016686B492 /* Pods-Trip.release.xcconfig */ = {isa = PBXFileReference; includeInIndex = 1; lastKnownFileType = text.xcconfig; name = "Pods-Trip.release.xcconfig"; path = "Target Support Files/Pods-Trip/Pods-Trip.release.xcconfig"; sourceTree = "<group>"; };
		5398AA05B8EF5D5093DCFF2E /* Pods_Trip.framework */ = {isa = PBXFileReference; explicitFileType = wrapper.framework; includeInIndex = 0; path = Pods_Trip.framework; sourceTree = BUILT_PRODUCTS_DIR; };
		A18F16EF2959BB79E0B11A12 /* Pods-Trip.debug.xcconfig */ = {isa = PBXFileReference; includeInIndex = 1; lastKnownFileType = text.xcconfig; name = "Pods-Trip.debug.xcconfig"; path = "Target Support Files/Pods-Trip/Pods-Trip.debug.xcconfig"; sourceTree = "<group>"; };
		A2069E0C22C22D2E00D8C1A0 /* spa_unselected.png */ = {isa = PBXFileReference; lastKnownFileType = image.png; path = spa_unselected.png; sourceTree = "<group>"; };
		A2069E0D22C22D2E00D8C1A0 /* spa_mark.png */ = {isa = PBXFileReference; lastKnownFileType = image.png; path = spa_mark.png; sourceTree = "<group>"; };
		A20743EF2294EA5E00B47B93 /* icon.png */ = {isa = PBXFileReference; lastKnownFileType = image.png; path = icon.png; sourceTree = "<group>"; };
		A20A95402296B24700CB7D83 /* CustomAnnotation.swift */ = {isa = PBXFileReference; lastKnownFileType = sourcecode.swift; path = CustomAnnotation.swift; sourceTree = "<group>"; };
		A20AEB2422938B4B009C389C /* DetailViewController.swift */ = {isa = PBXFileReference; lastKnownFileType = sourcecode.swift; path = DetailViewController.swift; sourceTree = "<group>"; };
		A20BCA7F228EAE1F0093D3B6 /* RegisterViewController.swift */ = {isa = PBXFileReference; lastKnownFileType = sourcecode.swift; path = RegisterViewController.swift; sourceTree = "<group>"; };
		A216587E228437270084C296 /* Trip.app */ = {isa = PBXFileReference; explicitFileType = wrapper.application; includeInIndex = 0; path = Trip.app; sourceTree = BUILT_PRODUCTS_DIR; };
		A2165881228437270084C296 /* AppDelegate.swift */ = {isa = PBXFileReference; lastKnownFileType = sourcecode.swift; path = AppDelegate.swift; sourceTree = "<group>"; };
		A2165883228437270084C296 /* ViewController.swift */ = {isa = PBXFileReference; lastKnownFileType = sourcecode.swift; path = ViewController.swift; sourceTree = "<group>"; };
		A2165886228437270084C296 /* Base */ = {isa = PBXFileReference; lastKnownFileType = file.storyboard; name = Base; path = Base.lproj/Main.storyboard; sourceTree = "<group>"; };
		A2165888228437280084C296 /* Assets.xcassets */ = {isa = PBXFileReference; lastKnownFileType = folder.assetcatalog; path = Assets.xcassets; sourceTree = "<group>"; };
		A216588B228437280084C296 /* Base */ = {isa = PBXFileReference; lastKnownFileType = file.storyboard; name = Base; path = Base.lproj/LaunchScreen.storyboard; sourceTree = "<group>"; };
		A216588D228437280084C296 /* Info.plist */ = {isa = PBXFileReference; lastKnownFileType = text.plist.xml; path = Info.plist; sourceTree = "<group>"; };
		A216589422843C5D0084C296 /* Realm.swift */ = {isa = PBXFileReference; lastKnownFileType = sourcecode.swift; path = Realm.swift; sourceTree = "<group>"; };
		A2165896228441420084C296 /* MapViewController.swift */ = {isa = PBXFileReference; lastKnownFileType = sourcecode.swift; path = MapViewController.swift; sourceTree = "<group>"; };
		A2165898228452F70084C296 /* CameraViewController.swift */ = {isa = PBXFileReference; lastKnownFileType = sourcecode.swift; path = CameraViewController.swift; sourceTree = "<group>"; };
/* End PBXFileReference section */

/* Begin PBXFrameworksBuildPhase section */
		A216587B228437270084C296 /* Frameworks */ = {
			isa = PBXFrameworksBuildPhase;
			buildActionMask = 2147483647;
			files = (
				5E16155C56E78367DC69F462 /* Pods_Trip.framework in Frameworks */,
			);
			runOnlyForDeploymentPostprocessing = 0;
		};
/* End PBXFrameworksBuildPhase section */

/* Begin PBXGroup section */
		A2165875228437270084C296 = {
			isa = PBXGroup;
			children = (
				A20743EF2294EA5E00B47B93 /* icon.png */,
				A2165880228437270084C296 /* Trip */,
				A216587F228437270084C296 /* Products */,
				EEDB62F4D576F2C27B868586 /* Pods */,
				D59167053E193D5958A026FD /* Frameworks */,
			);
			sourceTree = "<group>";
		};
		A216587F228437270084C296 /* Products */ = {
			isa = PBXGroup;
			children = (
				A216587E228437270084C296 /* Trip.app */,
			);
			name = Products;
			sourceTree = "<group>";
		};
		A2165880228437270084C296 /* Trip */ = {
			isa = PBXGroup;
			children = (
				A2069E0D22C22D2E00D8C1A0 /* spa_mark.png */,
				A2069E0C22C22D2E00D8C1A0 /* spa_unselected.png */,
				A216589322843C430084C296 /* Model */,
				A2165881228437270084C296 /* AppDelegate.swift */,
				A2165883228437270084C296 /* ViewController.swift */,
				A2165885228437270084C296 /* Main.storyboard */,
				A2165888228437280084C296 /* Assets.xcassets */,
				A216588A228437280084C296 /* LaunchScreen.storyboard */,
				A2165896228441420084C296 /* MapViewController.swift */,
				A20A95402296B24700CB7D83 /* CustomAnnotation.swift */,
				A216588D228437280084C296 /* Info.plist */,
				A2165898228452F70084C296 /* CameraViewController.swift */,
				A20BCA7F228EAE1F0093D3B6 /* RegisterViewController.swift */,
				A20AEB2422938B4B009C389C /* DetailViewController.swift */,
			);
			path = Trip;
			sourceTree = "<group>";
		};
		A216589322843C430084C296 /* Model */ = {
			isa = PBXGroup;
			children = (
				A216589422843C5D0084C296 /* Realm.swift */,
			);
			path = Model;
			sourceTree = "<group>";
		};
		D59167053E193D5958A026FD /* Frameworks */ = {
			isa = PBXGroup;
			children = (
				5398AA05B8EF5D5093DCFF2E /* Pods_Trip.framework */,
			);
			name = Frameworks;
			sourceTree = "<group>";
		};
		EEDB62F4D576F2C27B868586 /* Pods */ = {
			isa = PBXGroup;
			children = (
				A18F16EF2959BB79E0B11A12 /* Pods-Trip.debug.xcconfig */,
				073E2FC56685B6016686B492 /* Pods-Trip.release.xcconfig */,
			);
			path = Pods;
			sourceTree = "<group>";
		};
/* End PBXGroup section */

/* Begin PBXNativeTarget section */
		A216587D228437270084C296 /* Trip */ = {
			isa = PBXNativeTarget;
			buildConfigurationList = A2165890228437280084C296 /* Build configuration list for PBXNativeTarget "Trip" */;
			buildPhases = (
				F0D291A881488B80B781337D /* [CP] Check Pods Manifest.lock */,
				A216587A228437270084C296 /* Sources */,
				A216587B228437270084C296 /* Frameworks */,
				A216587C228437270084C296 /* Resources */,
				D263D8CA896A061AFB9ADB22 /* [CP] Embed Pods Frameworks */,
			);
			buildRules = (
			);
			dependencies = (
			);
			name = Trip;
			productName = Trip;
			productReference = A216587E228437270084C296 /* Trip.app */;
			productType = "com.apple.product-type.application";
		};
/* End PBXNativeTarget section */

/* Begin PBXProject section */
		A2165876228437270084C296 /* Project object */ = {
			isa = PBXProject;
			attributes = {
				LastSwiftUpdateCheck = 1020;
				LastUpgradeCheck = 1020;
				ORGANIZATIONNAME = "Ryuma Harada";
				TargetAttributes = {
					A216587D228437270084C296 = {
						CreatedOnToolsVersion = 10.2.1;
					};
				};
			};
			buildConfigurationList = A2165879228437270084C296 /* Build configuration list for PBXProject "Trip" */;
			compatibilityVersion = "Xcode 9.3";
			developmentRegion = en;
			hasScannedForEncodings = 0;
			knownRegions = (
				en,
				Base,
			);
			mainGroup = A2165875228437270084C296;
			productRefGroup = A216587F228437270084C296 /* Products */;
			projectDirPath = "";
			projectRoot = "";
			targets = (
				A216587D228437270084C296 /* Trip */,
			);
		};
/* End PBXProject section */

/* Begin PBXResourcesBuildPhase section */
		A216587C228437270084C296 /* Resources */ = {
			isa = PBXResourcesBuildPhase;
			buildActionMask = 2147483647;
			files = (
				A216588C228437280084C296 /* LaunchScreen.storyboard in Resources */,
				A20743F02294EA5E00B47B93 /* icon.png in Resources */,
				A2069E0E22C22D2E00D8C1A0 /* spa_unselected.png in Resources */,
				A2165889228437280084C296 /* Assets.xcassets in Resources */,
				A2165887228437270084C296 /* Main.storyboard in Resources */,
				A2069E0F22C22D2E00D8C1A0 /* spa_mark.png in Resources */,
			);
			runOnlyForDeploymentPostprocessing = 0;
		};
/* End PBXResourcesBuildPhase section */

/* Begin PBXShellScriptBuildPhase section */
		D263D8CA896A061AFB9ADB22 /* [CP] Embed Pods Frameworks */ = {
			isa = PBXShellScriptBuildPhase;
			buildActionMask = 2147483647;
			files = (
			);
			inputFileListPaths = (
			);
			inputPaths = (
				"${PODS_ROOT}/Target Support Files/Pods-Trip/Pods-Trip-frameworks.sh",
				"${BUILT_PRODUCTS_DIR}/Realm/Realm.framework",
				"${BUILT_PRODUCTS_DIR}/RealmSwift/RealmSwift.framework",
			);
			name = "[CP] Embed Pods Frameworks";
			outputFileListPaths = (
			);
			outputPaths = (
				"${TARGET_BUILD_DIR}/${FRAMEWORKS_FOLDER_PATH}/Realm.framework",
				"${TARGET_BUILD_DIR}/${FRAMEWORKS_FOLDER_PATH}/RealmSwift.framework",
			);
			runOnlyForDeploymentPostprocessing = 0;
			shellPath = /bin/sh;
			shellScript = "\"${PODS_ROOT}/Target Support Files/Pods-Trip/Pods-Trip-frameworks.sh\"\n";
			showEnvVarsInLog = 0;
		};
		F0D291A881488B80B781337D /* [CP] Check Pods Manifest.lock */ = {
			isa = PBXShellScriptBuildPhase;
			buildActionMask = 2147483647;
			files = (
			);
			inputFileListPaths = (
			);
			inputPaths = (
				"${PODS_PODFILE_DIR_PATH}/Podfile.lock",
				"${PODS_ROOT}/Manifest.lock",
			);
			name = "[CP] Check Pods Manifest.lock";
			outputFileListPaths = (
			);
			outputPaths = (
				"$(DERIVED_FILE_DIR)/Pods-Trip-checkManifestLockResult.txt",
			);
			runOnlyForDeploymentPostprocessing = 0;
			shellPath = /bin/sh;
			shellScript = "diff \"${PODS_PODFILE_DIR_PATH}/Podfile.lock\" \"${PODS_ROOT}/Manifest.lock\" > /dev/null\nif [ $? != 0 ] ; then\n    # print error to STDERR\n    echo \"error: The sandbox is not in sync with the Podfile.lock. Run 'pod install' or update your CocoaPods installation.\" >&2\n    exit 1\nfi\n# This output is used by Xcode 'outputs' to avoid re-running this script phase.\necho \"SUCCESS\" > \"${SCRIPT_OUTPUT_FILE_0}\"\n";
			showEnvVarsInLog = 0;
		};
/* End PBXShellScriptBuildPhase section */

/* Begin PBXSourcesBuildPhase section */
		A216587A228437270084C296 /* Sources */ = {
			isa = PBXSourcesBuildPhase;
			buildActionMask = 2147483647;
			files = (
				A2165884228437270084C296 /* ViewController.swift in Sources */,
				A2165899228452F70084C296 /* CameraViewController.swift in Sources */,
				A20BCA80228EAE1F0093D3B6 /* RegisterViewController.swift in Sources */,
				A2165882228437270084C296 /* AppDelegate.swift in Sources */,
				A216589522843C5D0084C296 /* Realm.swift in Sources */,
				A2165897228441420084C296 /* MapViewController.swift in Sources */,
				A20AEB2522938B4B009C389C /* DetailViewController.swift in Sources */,
				A20A95412296B24700CB7D83 /* CustomAnnotation.swift in Sources */,
			);
			runOnlyForDeploymentPostprocessing = 0;
		};
/* End PBXSourcesBuildPhase section */

/* Begin PBXVariantGroup section */
		A2165885228437270084C296 /* Main.storyboard */ = {
			isa = PBXVariantGroup;
			children = (
				A2165886228437270084C296 /* Base */,
			);
			name = Main.storyboard;
			sourceTree = "<group>";
		};
		A216588A228437280084C296 /* LaunchScreen.storyboard */ = {
			isa = PBXVariantGroup;
			children = (
				A216588B228437280084C296 /* Base */,
			);
			name = LaunchScreen.storyboard;
			sourceTree = "<group>";
		};
/* End PBXVariantGroup section */

/* Begin XCBuildConfiguration section */
		A216588E228437280084C296 /* Debug */ = {
			isa = XCBuildConfiguration;
			buildSettings = {
				ALWAYS_SEARCH_USER_PATHS = NO;
				CLANG_ANALYZER_NONNULL = YES;
				CLANG_ANALYZER_NUMBER_OBJECT_CONVERSION = YES_AGGRESSIVE;
				CLANG_CXX_LANGUAGE_STANDARD = "gnu++14";
				CLANG_CXX_LIBRARY = "libc++";
				CLANG_ENABLE_MODULES = YES;
				CLANG_ENABLE_OBJC_ARC = YES;
				CLANG_ENABLE_OBJC_WEAK = YES;
				CLANG_WARN_BLOCK_CAPTURE_AUTORELEASING = YES;
				CLANG_WARN_BOOL_CONVERSION = YES;
				CLANG_WARN_COMMA = YES;
				CLANG_WARN_CONSTANT_CONVERSION = YES;
				CLANG_WARN_DEPRECATED_OBJC_IMPLEMENTATIONS = YES;
				CLANG_WARN_DIRECT_OBJC_ISA_USAGE = YES_ERROR;
				CLANG_WARN_DOCUMENTATION_COMMENTS = YES;
				CLANG_WARN_EMPTY_BODY = YES;
				CLANG_WARN_ENUM_CONVERSION = YES;
				CLANG_WARN_INFINITE_RECURSION = YES;
				CLANG_WARN_INT_CONVERSION = YES;
				CLANG_WARN_NON_LITERAL_NULL_CONVERSION = YES;
				CLANG_WARN_OBJC_IMPLICIT_RETAIN_SELF = YES;
				CLANG_WARN_OBJC_LITERAL_CONVERSION = YES;
				CLANG_WARN_OBJC_ROOT_CLASS = YES_ERROR;
				CLANG_WARN_RANGE_LOOP_ANALYSIS = YES;
				CLANG_WARN_STRICT_PROTOTYPES = YES;
				CLANG_WARN_SUSPICIOUS_MOVE = YES;
				CLANG_WARN_UNGUARDED_AVAILABILITY = YES_AGGRESSIVE;
				CLANG_WARN_UNREACHABLE_CODE = YES;
				CLANG_WARN__DUPLICATE_METHOD_MATCH = YES;
				CODE_SIGN_IDENTITY = "iPhone Developer";
				COPY_PHASE_STRIP = NO;
				DEBUG_INFORMATION_FORMAT = dwarf;
				ENABLE_STRICT_OBJC_MSGSEND = YES;
				ENABLE_TESTABILITY = YES;
				GCC_C_LANGUAGE_STANDARD = gnu11;
				GCC_DYNAMIC_NO_PIC = NO;
				GCC_NO_COMMON_BLOCKS = YES;
				GCC_OPTIMIZATION_LEVEL = 0;
				GCC_PREPROCESSOR_DEFINITIONS = (
					"DEBUG=1",
					"$(inherited)",
				);
				GCC_WARN_64_TO_32_BIT_CONVERSION = YES;
				GCC_WARN_ABOUT_RETURN_TYPE = YES_ERROR;
				GCC_WARN_UNDECLARED_SELECTOR = YES;
				GCC_WARN_UNINITIALIZED_AUTOS = YES_AGGRESSIVE;
				GCC_WARN_UNUSED_FUNCTION = YES;
				GCC_WARN_UNUSED_VARIABLE = YES;
				IPHONEOS_DEPLOYMENT_TARGET = 12.2;
				MTL_ENABLE_DEBUG_INFO = INCLUDE_SOURCE;
				MTL_FAST_MATH = YES;
				ONLY_ACTIVE_ARCH = YES;
				SDKROOT = iphoneos;
				SWIFT_ACTIVE_COMPILATION_CONDITIONS = DEBUG;
				SWIFT_OPTIMIZATION_LEVEL = "-Onone";
			};
			name = Debug;
		};
		A216588F228437280084C296 /* Release */ = {
			isa = XCBuildConfiguration;
			buildSettings = {
				ALWAYS_SEARCH_USER_PATHS = NO;
				CLANG_ANALYZER_NONNULL = YES;
				CLANG_ANALYZER_NUMBER_OBJECT_CONVERSION = YES_AGGRESSIVE;
				CLANG_CXX_LANGUAGE_STANDARD = "gnu++14";
				CLANG_CXX_LIBRARY = "libc++";
				CLANG_ENABLE_MODULES = YES;
				CLANG_ENABLE_OBJC_ARC = YES;
				CLANG_ENABLE_OBJC_WEAK = YES;
				CLANG_WARN_BLOCK_CAPTURE_AUTORELEASING = YES;
				CLANG_WARN_BOOL_CONVERSION = YES;
				CLANG_WARN_COMMA = YES;
				CLANG_WARN_CONSTANT_CONVERSION = YES;
				CLANG_WARN_DEPRECATED_OBJC_IMPLEMENTATIONS = YES;
				CLANG_WARN_DIRECT_OBJC_ISA_USAGE = YES_ERROR;
				CLANG_WARN_DOCUMENTATION_COMMENTS = YES;
				CLANG_WARN_EMPTY_BODY = YES;
				CLANG_WARN_ENUM_CONVERSION = YES;
				CLANG_WARN_INFINITE_RECURSION = YES;
				CLANG_WARN_INT_CONVERSION = YES;
				CLANG_WARN_NON_LITERAL_NULL_CONVERSION = YES;
				CLANG_WARN_OBJC_IMPLICIT_RETAIN_SELF = YES;
				CLANG_WARN_OBJC_LITERAL_CONVERSION = YES;
				CLANG_WARN_OBJC_ROOT_CLASS = YES_ERROR;
				CLANG_WARN_RANGE_LOOP_ANALYSIS = YES;
				CLANG_WARN_STRICT_PROTOTYPES = YES;
				CLANG_WARN_SUSPICIOUS_MOVE = YES;
				CLANG_WARN_UNGUARDED_AVAILABILITY = YES_AGGRESSIVE;
				CLANG_WARN_UNREACHABLE_CODE = YES;
				CLANG_WARN__DUPLICATE_METHOD_MATCH = YES;
				CODE_SIGN_IDENTITY = "iPhone Developer";
				COPY_PHASE_STRIP = NO;
				DEBUG_INFORMATION_FORMAT = "dwarf-with-dsym";
				ENABLE_NS_ASSERTIONS = NO;
				ENABLE_STRICT_OBJC_MSGSEND = YES;
				GCC_C_LANGUAGE_STANDARD = gnu11;
				GCC_NO_COMMON_BLOCKS = YES;
				GCC_WARN_64_TO_32_BIT_CONVERSION = YES;
				GCC_WARN_ABOUT_RETURN_TYPE = YES_ERROR;
				GCC_WARN_UNDECLARED_SELECTOR = YES;
				GCC_WARN_UNINITIALIZED_AUTOS = YES_AGGRESSIVE;
				GCC_WARN_UNUSED_FUNCTION = YES;
				GCC_WARN_UNUSED_VARIABLE = YES;
				IPHONEOS_DEPLOYMENT_TARGET = 12.2;
				MTL_ENABLE_DEBUG_INFO = NO;
				MTL_FAST_MATH = YES;
				SDKROOT = iphoneos;
				SWIFT_COMPILATION_MODE = wholemodule;
				SWIFT_OPTIMIZATION_LEVEL = "-O";
				VALIDATE_PRODUCT = YES;
			};
			name = Release;
		};
		A2165891228437280084C296 /* Debug */ = {
			isa = XCBuildConfiguration;
			baseConfigurationReference = A18F16EF2959BB79E0B11A12 /* Pods-Trip.debug.xcconfig */;
			buildSettings = {
				ASSETCATALOG_COMPILER_APPICON_NAME = AppIcon;
				CODE_SIGN_IDENTITY = "iPhone Developer";
				CODE_SIGN_STYLE = Manual;
				DEVELOPMENT_TEAM = 2K446D59RQ;
				INFOPLIST_FILE = Trip/Info.plist;
				LD_RUNPATH_SEARCH_PATHS = (
					"$(inherited)",
					"@executable_path/Frameworks",
				);
				PRODUCT_BUNDLE_IDENTIFIER = jp.co.lifeistech.Trip;
				PRODUCT_NAME = "$(TARGET_NAME)";
				PROVISIONING_PROFILE_SPECIFIER = "L11-RyumaHarada-Develop";
				SWIFT_VERSION = 5.0;
				TARGETED_DEVICE_FAMILY = "1,2";
			};
			name = Debug;
		};
		A2165892228437280084C296 /* Release */ = {
			isa = XCBuildConfiguration;
			baseConfigurationReference = 073E2FC56685B6016686B492 /* Pods-Trip.release.xcconfig */;
			buildSettings = {
				ASSETCATALOG_COMPILER_APPICON_NAME = AppIcon;
				CODE_SIGN_IDENTITY = "iPhone Distribution";
				CODE_SIGN_STYLE = Manual;
				DEVELOPMENT_TEAM = 2K446D59RQ;
				INFOPLIST_FILE = Trip/Info.plist;
				LD_RUNPATH_SEARCH_PATHS = (
					"$(inherited)",
					"@executable_path/Frameworks",
				);
				PRODUCT_BUNDLE_IDENTIFIER = jp.co.lifeistech.Trip;
				PRODUCT_NAME = "$(TARGET_NAME)";
				PROVISIONING_PROFILE_SPECIFIER = "L11-RyumaHarada-Distribution";
				SWIFT_VERSION = 5.0;
				TARGETED_DEVICE_FAMILY = "1,2";
			};
			name = Release;
		};
/* End XCBuildConfiguration section */

/* Begin XCConfigurationList section */
		A2165879228437270084C296 /* Build configuration list for PBXProject "Trip" */ = {
			isa = XCConfigurationList;
			buildConfigurations = (
				A216588E228437280084C296 /* Debug */,
				A216588F228437280084C296 /* Release */,
			);
			defaultConfigurationIsVisible = 0;
			defaultConfigurationName = Release;
		};
		A2165890228437280084C296 /* Build configuration list for PBXNativeTarget "Trip" */ = {
			isa = XCConfigurationList;
			buildConfigurations = (
				A2165891228437280084C296 /* Debug */,
				A2165892228437280084C296 /* Release */,
			);
			defaultConfigurationIsVisible = 0;
			defaultConfigurationName = Release;
		};
/* End XCConfigurationList section */
	};
	rootObject = A2165876228437270084C296 /* Project object */;
}
